
Microsoft Visual Studio Solution File, Format Version 12.00
# Visual Studio Version 17
VisualStudioVersion = 17.8.34330.188
MinimumVisualStudioVersion = 10.0.40219.1
Project("{FAE04EC0-301F-11D3-BF4B-00C04F79EFBC}") = "MathGame.Doc415", "MathGame.Doc415\MathGame.Doc415.csproj", "{8709BA34-7773-487B-9078-493E046C4997}"
EndProject
Global
	GlobalSection(SolutionConfigurationPlatforms) = preSolution
		Debug|Any CPU = Debug|Any CPU
		Release|Any CPU = Release|Any CPU
	EndGlobalSection
	GlobalSection(ProjectConfigurationPlatforms) = postSolution
		{8709BA34-7773-487B-9078-493E046C4997}.Debug|Any CPU.ActiveCfg = Debug|Any CPU
		{8709BA34-7773-487B-9078-493E046C4997}.Debug|Any CPU.Build.0 = Debug|Any CPU
		{8709BA34-7773-487B-9078-493E046C4997}.Release|Any CPU.ActiveCfg = Release|Any CPU
		{8709BA34-7773-487B-9078-493E046C4997}.Release|Any CPU.Build.0 = Release|Any CPU
	EndGlobalSection
	GlobalSection(SolutionProperties) = preSolution
		HideSolutionNode = FALSE
	EndGlobalSection
	GlobalSection(ExtensibilityGlobals) = postSolution
		SolutionGuid = {237EBBA2-FFBD-488D-8332-F223D45A3A55}
	EndGlobalSection
EndGlobal
